{
  "originHash" : "e6472ce7462443cb3bdaf3166ddeed0f8664534840f3af32d2bf8b75d89962a9",
  "pins" : [
    {
      "identity" : "openssl-package",
      "kind" : "remoteSourceControl",
      "location" : "https://github.com/krzyzanowskim/OpenSSL-Package.git",
      "state" : {
        "revision" : "71dbe0b4514cdaad95961470db72e8231f5943a6",
        "version" : "3.3.3001"
      }
    },
    {
      "identity" : "swift-asn1",
      "kind" : "remoteSourceControl",
      "location" : "https://github.com/apple/swift-asn1.git",
      "state" : {
        "revision" : "f70225981241859eb4aa1a18a75531d26637c8cc",
        "version" : "1.4.0"
      }
    },
    {
      "identity" : "swift-crypto",
      "kind" : "remoteSourceControl",
      "location" : "https://github.com/apple/swift-crypto.git",
      "state" : {
        "revision" : "1b6b2e274e85105bfa155183145a1dcfd63331f1",
        "version" : "4.5.0"
      }
    },
    {
      "identity" : "swift-goldilocks",
      "kind" : "remoteSourceControl",
      "location" : "https://github.com/Kingpin-Apps/swift-goldilocks.git",
      "state" : {
        "revision" : "ae27bd2b74963107909f9bd5c9d1fbd4d0e0acbe",
        "version" : "0.1.0"
      }
    }
  ],
  "version" : 3
}
